
Microsoft Visual Studio Solution File, Format Version 12.00
# Visual Studio Version 17
VisualStudioVersion = 17.7.34024.191
MinimumVisualStudioVersion = 10.0.40219.1
Project("{FAE04EC0-301F-11D3-BF4B-00C04F79EFBC}") = "lab 6", "lab 6\lab 6.csproj", "{E646E3DE-97B4-40A5-B20C-297C85667ABB}"
EndProject
Global
	GlobalSection(SolutionConfigurationPlatforms) = preSolution
		Debug|Any CPU = Debug|Any CPU
		Release|Any CPU = Release|Any CPU
	EndGlobalSection
	GlobalSection(ProjectConfigurationPlatforms) = postSolution
		{E646E3DE-97B4-40A5-B20C-297C85667ABB}.Debug|Any CPU.ActiveCfg = Debug|Any CPU
		{E646E3DE-97B4-40A5-B20C-297C85667ABB}.Debug|Any CPU.Build.0 = Debug|Any CPU
		{E646E3DE-97B4-40A5-B20C-297C85667ABB}.Release|Any CPU.ActiveCfg = Release|Any CPU
		{E646E3DE-97B4-40A5-B20C-297C85667ABB}.Release|Any CPU.Build.0 = Release|Any CPU
	EndGlobalSection
	GlobalSection(SolutionProperties) = preSolution
		HideSolutionNode = FALSE
	EndGlobalSection
	GlobalSection(ExtensibilityGlobals) = postSolution
		SolutionGuid = {2B046537-00D4-47F1-BC02-B26BBBB701AF}
	EndGlobalSection
EndGlobal
